// !$*UTF8*$!
{
	archiveVersion = 1;
	classes = {
	};
	objectVersion = 50;
	objects = {

/* Begin PBXBuildFile section */
		BB2385CB246EBA1E003C9BDA /* AppDelegate.swift in Sources */ = {isa = PBXBuildFile; fileRef = BB2385CA246EBA1E003C9BDA /* AppDelegate.swift */; };
		BB2385CD246EBA1E003C9BDA /* SceneDelegate.swift in Sources */ = {isa = PBXBuildFile; fileRef = BB2385CC246EBA1E003C9BDA /* SceneDelegate.swift */; };
		BB2385CF246EBA1E003C9BDA /* ViewController.swift in Sources */ = {isa = PBXBuildFile; fileRef = BB2385CE246EBA1E003C9BDA /* ViewController.swift */; };
		BB2385D2246EBA1E003C9BDA /* Main.storyboard in Resources */ = {isa = PBXBuildFile; fileRef = BB2385D0246EBA1E003C9BDA /* Main.storyboard */; };
		BB2385D4246EBA21003C9BDA /* Assets.xcassets in Resources */ = {isa = PBXBuildFile; fileRef = BB2385D3246EBA21003C9BDA /* Assets.xcassets */; };
		BB2385D7246EBA21003C9BDA /* LaunchScreen.storyboard in Resources */ = {isa = PBXBuildFile; fileRef = BB2385D5246EBA21003C9BDA /* LaunchScreen.storyboard */; };
/* End PBXBuildFile section */

/* Begin PBXFileReference section */
		BB2385C7246EBA1E003C9BDA /* usfull.app */ = {isa = PBXFileReference; explicitFileType = wrapper.application; includeInIndex = 0; path = usfull.app; sourceTree = BUILT_PRODUCTS_DIR; };
		BB2385CA246EBA1E003C9BDA /* AppDelegate.swift */ = {isa = PBXFileReference; lastKnownFileType = sourcecode.swift; path = AppDelegate.swift; sourceTree = "<group>"; };
		BB2385CC246EBA1E003C9BDA /* SceneDelegate.swift */ = {isa = PBXFileReference; lastKnownFileType = sourcecode.swift; path = SceneDelegate.swift; sourceTree = "<group>"; };
		BB2385CE246EBA1E003C9BDA /* ViewController.swift */ = {isa = PBXFileReference; lastKnownFileType = sourcecode.swift; path = ViewController.swift; sourceTree = "<group>"; };
		BB2385D1246EBA1E003C9BDA /* Base */ = {isa = PBXFileReference; lastKnownFileType = file.storyboard; name = Base; path = Base.lproj/Main.storyboard; sourceTree = "<group>"; };
		BB2385D3246EBA21003C9BDA /* Assets.xcassets */ = {isa = PBXFileReference; lastKnownFileType = folder.assetcatalog; path = Assets.xcassets; sourceTree = "<group>"; };
		BB2385D6246EBA21003C9BDA /* Base */ = {isa = PBXFileReference; lastKnownFileType = file.storyboard; name = Base; path = Base.lproj/LaunchScreen.storyboard; sourceTree = "<group>"; };
		BB2385D8246EBA21003C9BDA /* Info.plist */ = {isa = PBXFileReference; lastKnownFileType = text.plist.xml; path = Info.plist; sourceTree = "<group>"; };
/* End PBXFileReference section */

/* Begin PBXFrameworksBuildPhase section */
		BB2385C4246EBA1E003C9BDA /* Frameworks */ = {
			isa = PBXFrameworksBuildPhase;
			buildActionMask = 2147483647;
			files = (
			);
			runOnlyForDeploymentPostprocessing = 0;
		};
/* End PBXFrameworksBuildPhase section */

/* Begin PBXGroup section */
		BB2385BE246EBA1E003C9BDA = {
			isa = PBXGroup;
			children = (
				BB2385C9246EBA1E003C9BDA /* usfull */,
				BB2385C8246EBA1E003C9BDA /* Products */,
			);
			sourceTree = "<group>";
		};
		BB2385C8246EBA1E003C9BDA /* Products */ = {
			isa = PBXGroup;
			children = (
				BB2385C7246EBA1E003C9BDA /* usfull.app */,
			);
			name = Products;
			sourceTree = "<group>";
		};
		BB2385C9246EBA1E003C9BDA /* usfull */ = {
			isa = PBXGroup;
			children = (
				BB2385CA246EBA1E003C9BDA /* AppDelegate.swift */,
				BB2385CC246EBA1E003C9BDA /* SceneDelegate.swift */,
				BB2385CE246EBA1E003C9BDA /* ViewController.swift */,
				BB2385D0246EBA1E003C9BDA /* Main.storyboard */,
				BB2385D3246EBA21003C9BDA /* Assets.xcassets */,
				BB2385D5246EBA21003C9BDA /* LaunchScreen.storyboard */,
				BB2385D8246EBA21003C9BDA /* Info.plist */,
			);
			path = usfull;
			sourceTree = "<group>";
		};
/* End PBXGroup section */

/* Begin PBXNativeTarget section */
		BB2385C6246EBA1E003C9BDA /* usfull */ = {
			isa = PBXNativeTarget;
			buildConfigurationList = BB2385DB246EBA21003C9BDA /* Build configuration list for PBXNativeTarget "usfull" */;
			buildPhases = (
				BB2385C3246EBA1E003C9BDA /* Sources */,
				BB2385C4246EBA1E003C9BDA /* Frameworks */,
				BB2385C5246EBA1E003C9BDA /* Resources */,
			);
			buildRules = (
			);
			dependencies = (
			);
			name = usfull;
			productName = usfull;
			productReference = BB2385C7246EBA1E003C9BDA /* usfull.app */;
			productType = "com.apple.product-type.application";
		};
/* End PBXNativeTarget section */

/* Begin PBXProject section */
		BB2385BF246EBA1E003C9BDA /* Project object */ = {
			isa = PBXProject;
			attributes = {
				LastSwiftUpdateCheck = 1140;
				LastUpgradeCheck = 1140;
				ORGANIZATIONNAME = "Azar Aliyev";
				TargetAttributes = {
					BB2385C6246EBA1E003C9BDA = {
						CreatedOnToolsVersion = 11.4.1;
					};
				};
			};
			buildConfigurationList = BB2385C2246EBA1E003C9BDA /* Build configuration list for PBXProject "usfull" */;
			compatibilityVersion = "Xcode 9.3";
			developmentRegion = en;
			hasScannedForEncodings = 0;
			knownRegions = (
				en,
				Base,
			);
			mainGroup = BB2385BE246EBA1E003C9BDA;
			productRefGroup = BB2385C8246EBA1E003C9BDA /* Products */;
			projectDirPath = "";
			projectRoot = "";
			targets = (
				BB2385C6246EBA1E003C9BDA /* usfull */,
			);
		};
/* End PBXProject section */

/* Begin PBXResourcesBuildPhase section */
		BB2385C5246EBA1E003C9BDA /* Resources */ = {
			isa = PBXResourcesBuildPhase;
			buildActionMask = 2147483647;
			files = (
				BB2385D7246EBA21003C9BDA /* LaunchScreen.storyboard in Resources */,
				BB2385D4246EBA21003C9BDA /* Assets.xcassets in Resources */,
				BB2385D2246EBA1E003C9BDA /* Main.storyboard in Resources */,
			);
			runOnlyForDeploymentPostprocessing = 0;
		};
/* End PBXResourcesBuildPhase section */

/* Begin PBXSourcesBuildPhase section */
		BB2385C3246EBA1E003C9BDA /* Sources */ = {
			isa = PBXSourcesBuildPhase;
			buildActionMask = 2147483647;
			files = (
				BB2385CF246EBA1E003C9BDA /* ViewController.swift in Sources */,
				BB2385CB246EBA1E003C9BDA /* AppDelegate.swift in Sources */,
				BB2385CD246EBA1E003C9BDA /* SceneDelegate.swift in Sources */,
			);
			runOnlyForDeploymentPostprocessing = 0;
		};
/* End PBXSourcesBuildPhase section */

/* Begin PBXVariantGroup section */
		BB2385D0246EBA1E003C9BDA /* Main.storyboard */ = {
			isa = PBXVariantGroup;
			children = (
				BB2385D1246EBA1E003C9BDA /* Base */,
			);
			name = Main.storyboard;
			sourceTree = "<group>";
		};
		BB2385D5246EBA21003C9BDA /* LaunchScreen.storyboard */ = {
			isa = PBXVariantGroup;
			children = (
				BB2385D6246EBA21003C9BDA /* Base */,
			);
			name = LaunchScreen.storyboard;
			sourceTree = "<group>";
		};
/* End PBXVariantGroup section */

/* Begin XCBuildConfiguration section */
		BB2385D9246EBA21003C9BDA /* Debug */ = {
			isa = XCBuildConfiguration;
			buildSettings = {
				ALWAYS_SEARCH_USER_PATHS = NO;
				CLANG_ANALYZER_NONNULL = YES;
				CLANG_ANALYZER_NUMBER_OBJECT_CONVERSION = YES_AGGRESSIVE;
				CLANG_CXX_LANGUAGE_STANDARD = "gnu++14";
				CLANG_CXX_LIBRARY = "libc++";
				CLANG_ENABLE_MODULES = YES;
				CLANG_ENABLE_OBJC_ARC = YES;
				CLANG_ENABLE_OBJC_WEAK = YES;
				CLANG_WARN_BLOCK_CAPTURE_AUTORELEASING = YES;
				CLANG_WARN_BOOL_CONVERSION = YES;
				CLANG_WARN_COMMA = YES;
				CLANG_WARN_CONSTANT_CONVERSION = YES;
				CLANG_WARN_DEPRECATED_OBJC_IMPLEMENTATIONS = YES;
				CLANG_WARN_DIRECT_OBJC_ISA_USAGE = YES_ERROR;
				CLANG_WARN_DOCUMENTATION_COMMENTS = YES;
				CLANG_WARN_EMPTY_BODY = YES;
				CLANG_WARN_ENUM_CONVERSION = YES;
				CLANG_WARN_INFINITE_RECURSION = YES;
				CLANG_WARN_INT_CONVERSION = YES;
				CLANG_WARN_NON_LITERAL_NULL_CONVERSION = YES;
				CLANG_WARN_OBJC_IMPLICIT_RETAIN_SELF = YES;
				CLANG_WARN_OBJC_LITERAL_CONVERSION = YES;
				CLANG_WARN_OBJC_ROOT_CLASS = YES_ERROR;
				CLANG_WARN_RANGE_LOOP_ANALYSIS = YES;
				CLANG_WARN_STRICT_PROTOTYPES = YES;
				CLANG_WARN_SUSPICIOUS_MOVE = YES;
				CLANG_WARN_UNGUARDED_AVAILABILITY = YES_AGGRESSIVE;
				CLANG_WARN_UNREACHABLE_CODE = YES;
				CLANG_WARN__DUPLICATE_METHOD_MATCH = YES;
				COPY_PHASE_STRIP = NO;
				DEBUG_INFORMATION_FORMAT = dwarf;
				ENABLE_STRICT_OBJC_MSGSEND = YES;
				ENABLE_TESTABILITY = YES;
				GCC_C_LANGUAGE_STANDARD = gnu11;
				GCC_DYNAMIC_NO_PIC = NO;
				GCC_NO_COMMON_BLOCKS = YES;
				GCC_OPTIMIZATION_LEVEL = 0;
				GCC_PREPROCESSOR_DEFINITIONS = (
					"DEBUG=1",
					"$(inherited)",
				);
				GCC_WARN_64_TO_32_BIT_CONVERSION = YES;
				GCC_WARN_ABOUT_RETURN_TYPE = YES_ERROR;
				GCC_WARN_UNDECLARED_SELECTOR = YES;
				GCC_WARN_UNINITIALIZED_AUTOS = YES_AGGRESSIVE;
				GCC_WARN_UNUSED_FUNCTION = YES;
				GCC_WARN_UNUSED_VARIABLE = YES;
				IPHONEOS_DEPLOYMENT_TARGET = 13.4;
				MTL_ENABLE_DEBUG_INFO = INCLUDE_SOURCE;
				MTL_FAST_MATH = YES;
				ONLY_ACTIVE_ARCH = YES;
				SDKROOT = iphoneos;
				SWIFT_ACTIVE_COMPILATION_CONDITIONS = DEBUG;
				SWIFT_OPTIMIZATION_LEVEL = "-Onone";
			};
			name = Debug;
		};
		BB2385DA246EBA21003C9BDA /* Release */ = {
			isa = XCBuildConfiguration;
			buildSettings = {
				ALWAYS_SEARCH_USER_PATHS = NO;
				CLANG_ANALYZER_NONNULL = YES;
				CLANG_ANALYZER_NUMBER_OBJECT_CONVERSION = YES_AGGRESSIVE;
				CLANG_CXX_LANGUAGE_STANDARD = "gnu++14";
				CLANG_CXX_LIBRARY = "libc++";
				CLANG_ENABLE_MODULES = YES;
				CLANG_ENABLE_OBJC_ARC = YES;
				CLANG_ENABLE_OBJC_WEAK = YES;
				CLANG_WARN_BLOCK_CAPTURE_AUTORELEASING = YES;
				CLANG_WARN_BOOL_CONVERSION = YES;
				CLANG_WARN_COMMA = YES;
				CLANG_WARN_CONSTANT_CONVERSION = YES;
				CLANG_WARN_DEPRECATED_OBJC_IMPLEMENTATIONS = YES;
				CLANG_WARN_DIRECT_OBJC_ISA_USAGE = YES_ERROR;
				CLANG_WARN_DOCUMENTATION_COMMENTS = YES;
				CLANG_WARN_EMPTY_BODY = YES;
				CLANG_WARN_ENUM_CONVERSION = YES;
				CLANG_WARN_INFINITE_RECURSION = YES;
				CLANG_WARN_INT_CONVERSION = YES;
				CLANG_WARN_NON_LITERAL_NULL_CONVERSION = YES;
				CLANG_WARN_OBJC_IMPLICIT_RETAIN_SELF = YES;
				CLANG_WARN_OBJC_LITERAL_CONVERSION = YES;
				CLANG_WARN_OBJC_ROOT_CLASS = YES_ERROR;
				CLANG_WARN_RANGE_LOOP_ANALYSIS = YES;
				CLANG_WARN_STRICT_PROTOTYPES = YES;
				CLANG_WARN_SUSPICIOUS_MOVE = YES;
				CLANG_WARN_UNGUARDED_AVAILABILITY = YES_AGGRESSIVE;
				CLANG_WARN_UNREACHABLE_CODE = YES;
				CLANG_WARN__DUPLICATE_METHOD_MATCH = YES;
				COPY_PHASE_STRIP = NO;
				DEBUG_INFORMATION_FORMAT = "dwarf-with-dsym";
				ENABLE_NS_ASSERTIONS = NO;
				ENABLE_STRICT_OBJC_MSGSEND = YES;
				GCC_C_LANGUAGE_STANDARD = gnu11;
				GCC_NO_COMMON_BLOCKS = YES;
				GCC_WARN_64_TO_32_BIT_CONVERSION = YES;
				GCC_WARN_ABOUT_RETURN_TYPE = YES_ERROR;
				GCC_WARN_UNDECLARED_SELECTOR = YES;
				GCC_WARN_UNINITIALIZED_AUTOS = YES_AGGRESSIVE;
				GCC_WARN_UNUSED_FUNCTION = YES;
				GCC_WARN_UNUSED_VARIABLE = YES;
				IPHONEOS_DEPLOYMENT_TARGET = 13.4;
				MTL_ENABLE_DEBUG_INFO = NO;
				MTL_FAST_MATH = YES;
				SDKROOT = iphoneos;
				SWIFT_COMPILATION_MODE = wholemodule;
				SWIFT_OPTIMIZATION_LEVEL = "-O";
				VALIDATE_PRODUCT = YES;
			};
			name = Release;
		};
		BB2385DC246EBA21003C9BDA /* Debug */ = {
			isa = XCBuildConfiguration;
			buildSettings = {
				ASSETCATALOG_COMPILER_APPICON_NAME = AppIcon;
				CODE_SIGN_STYLE = Automatic;
				DEVELOPMENT_TEAM = FL358K2BA4;
				INFOPLIST_FILE = usfull/Info.plist;
				LD_RUNPATH_SEARCH_PATHS = (
					"$(inherited)",
					"@executable_path/Frameworks",
				);
				PRODUCT_BUNDLE_IDENTIFIER = com.azaraliyev.usfull;
				PRODUCT_NAME = "$(TARGET_NAME)";
				SWIFT_VERSION = 5.0;
				TARGETED_DEVICE_FAMILY = "1,2";
			};
			name = Debug;
		};
		BB2385DD246EBA21003C9BDA /* Release */ = {
			isa = XCBuildConfiguration;
			buildSettings = {
				ASSETCATALOG_COMPILER_APPICON_NAME = AppIcon;
				CODE_SIGN_STYLE = Automatic;
				DEVELOPMENT_TEAM = FL358K2BA4;
				INFOPLIST_FILE = usfull/Info.plist;
				LD_RUNPATH_SEARCH_PATHS = (
					"$(inherited)",
					"@executable_path/Frameworks",
				);
				PRODUCT_BUNDLE_IDENTIFIER = com.azaraliyev.usfull;
				PRODUCT_NAME = "$(TARGET_NAME)";
				SWIFT_VERSION = 5.0;
				TARGETED_DEVICE_FAMILY = "1,2";
			};
			name = Release;
		};
/* End XCBuildConfiguration section */

/* Begin XCConfigurationList section */
		BB2385C2246EBA1E003C9BDA /* Build configuration list for PBXProject "usfull" */ = {
			isa = XCConfigurationList;
			buildConfigurations = (
				BB2385D9246EBA21003C9BDA /* Debug */,
				BB2385DA246EBA21003C9BDA /* Release */,
			);
			defaultConfigurationIsVisible = 0;
			defaultConfigurationName = Release;
		};
		BB2385DB246EBA21003C9BDA /* Build configuration list for PBXNativeTarget "usfull" */ = {
			isa = XCConfigurationList;
			buildConfigurations = (
				BB2385DC246EBA21003C9BDA /* Debug */,
				BB2385DD246EBA21003C9BDA /* Release */,
			);
			defaultConfigurationIsVisible = 0;
			defaultConfigurationName = Release;
		};
/* End XCConfigurationList section */
	};
	rootObject = BB2385BF246EBA1E003C9BDA /* Project object */;
}
